// !$*UTF8*$!
{
	archiveVersion = 1;
	classes = {
	};
	objectVersion = 90;
	objects = {

/* Begin PBXBuildFile section */
		173491E92E5B30D900B7727A /* FileItemView.swift in Sources */ = {isa = PBXBuildFile; fileRef = 173491E82E5B30D900B7727A /* FileItemView.swift */; };
		173491EB2E5B30E400B7727A /* FileGridView.swift in Sources */ = {isa = PBXBuildFile; fileRef = 173491EA2E5B30E400B7727A /* FileGridView.swift */; };
		173491ED2E5B30F400B7727A /* SimulatorRow.swift in Sources */ = {isa = PBXBuildFile; fileRef = 173491EC2E5B30F400B7727A /* SimulatorRow.swift */; };
		173491F02E5B435100B7727A /* SwiftUIIntrospect-Dynamic in Frameworks */ = {isa = PBXBuildFile; productRef = 173491EF2E5B435100B7727A /* SwiftUIIntrospect-Dynamic */; };
		173491F12E5B435800B7727A /* SwiftUIIntrospect-Dynamic in Embed Frameworks */ = {isa = PBXBuildFile; productRef = 173491EF2E5B435100B7727A /* SwiftUIIntrospect-Dynamic */; settings = {ATTRIBUTES = (CodeSignOnCopy, ); }; };
		173491F42E5B525E00B7727A /* AppIcon.icns in Resources */ = {isa = PBXBuildFile; fileRef = 173491F32E5B525E00B7727A /* AppIcon.icns */; };
		173491F82E5B546200B7727A /* FileMonitor in Frameworks */ = {isa = PBXBuildFile; productRef = 173491F72E5B546200B7727A /* FileMonitor */; };
		B1234567890ABCDEF001 /* App.swift in Sources */ = {isa = PBXBuildFile; fileRef = B1234567890ABCDEF000 /* App.swift */; };
		B1234567890ABCDEF003 /* ContentView.swift in Sources */ = {isa = PBXBuildFile; fileRef = B1234567890ABCDEF002 /* ContentView.swift */; };
		B1234567890ABCDEF005 /* Assets.xcassets in Resources */ = {isa = PBXBuildFile; fileRef = B1234567890ABCDEF004 /* Assets.xcassets */; };
		B1234567890ABCDEF010 /* SimulatorManager.swift in Sources */ = {isa = PBXBuildFile; fileRef = B1234567890ABCDEF009 /* SimulatorManager.swift */; };
		B1234567890ABCDEF012 /* FileManager.swift in Sources */ = {isa = PBXBuildFile; fileRef = B1234567890ABCDEF011 /* FileManager.swift */; };
		B1234567890ABCDEF014 /* SystemRequirements.swift in Sources */ = {isa = PBXBuildFile; fileRef = B1234567890ABCDEF013 /* SystemRequirements.swift */; };
/* End PBXBuildFile section */

/* Begin PBXCopyFilesBuildPhase section */
		173491F22E5B435800B7727A /* Embed Frameworks */ = {
			isa = PBXCopyFilesBuildPhase;
			dstPath = "";
			dstSubfolder = Frameworks;
			files = (
				173491F12E5B435800B7727A /* SwiftUIIntrospect-Dynamic in Embed Frameworks */,
			);
			name = "Embed Frameworks";
		};
/* End PBXCopyFilesBuildPhase section */

/* Begin PBXFileReference section */
		173491E82E5B30D900B7727A /* FileItemView.swift */ = {isa = PBXFileReference; lastKnownFileType = sourcecode.swift; path = FileItemView.swift; sourceTree = "<group>"; };
		173491EA2E5B30E400B7727A /* FileGridView.swift */ = {isa = PBXFileReference; lastKnownFileType = sourcecode.swift; path = FileGridView.swift; sourceTree = "<group>"; };
		173491EC2E5B30F400B7727A /* SimulatorRow.swift */ = {isa = PBXFileReference; lastKnownFileType = sourcecode.swift; path = SimulatorRow.swift; sourceTree = "<group>"; };
		173491F32E5B525E00B7727A /* AppIcon.icns */ = {isa = PBXFileReference; lastKnownFileType = image.icns; path = AppIcon.icns; sourceTree = "<group>"; };
		173491F52E5B529800B7727A /* Info.plist */ = {isa = PBXFileReference; lastKnownFileType = text.plist.xml; path = Info.plist; sourceTree = "<group>"; };
		B1234567890ABCDEF000 /* App.swift */ = {isa = PBXFileReference; lastKnownFileType = sourcecode.swift; path = App.swift; sourceTree = "<group>"; };
		B1234567890ABCDEF002 /* ContentView.swift */ = {isa = PBXFileReference; lastKnownFileType = sourcecode.swift; path = ContentView.swift; sourceTree = "<group>"; };
		B1234567890ABCDEF004 /* Assets.xcassets */ = {isa = PBXFileReference; lastKnownFileType = folder.assetcatalog; path = Assets.xcassets; sourceTree = "<group>"; };
		B1234567890ABCDEF009 /* SimulatorManager.swift */ = {isa = PBXFileReference; lastKnownFileType = sourcecode.swift; path = SimulatorManager.swift; sourceTree = "<group>"; };
		B1234567890ABCDEF011 /* FileManager.swift */ = {isa = PBXFileReference; lastKnownFileType = sourcecode.swift; path = FileManager.swift; sourceTree = "<group>"; };
		B1234567890ABCDEF013 /* SystemRequirements.swift */ = {isa = PBXFileReference; lastKnownFileType = sourcecode.swift; path = SystemRequirements.swift; sourceTree = "<group>"; };
		B1234567890ABCDEF015 /* SimFiles.entitlements */ = {isa = PBXFileReference; lastKnownFileType = text.plist.entitlements; path = SimFiles.entitlements; sourceTree = "<group>"; };
		B1234567890ABCDEFFFF /* SimFiles.app */ = {isa = PBXFileReference; explicitFileType = wrapper.application; includeInIndex = 0; path = SimFiles.app; sourceTree = BUILT_PRODUCTS_DIR; };
/* End PBXFileReference section */

/* Begin PBXFrameworksBuildPhase section */
		B1234567890ABCDEFFC /* Frameworks */ = {
			isa = PBXFrameworksBuildPhase;
			files = (
				173491F02E5B435100B7727A /* SwiftUIIntrospect-Dynamic in Frameworks */,
				173491F82E5B546200B7727A /* FileMonitor in Frameworks */,
			);
		};
/* End PBXFrameworksBuildPhase section */

/* Begin PBXGroup section */
		B1234567890ABCDEF00 /* Products */ = {
			isa = PBXGroup;
			children = (
				B1234567890ABCDEFFFF /* SimFiles.app */,
			);
			name = Products;
			sourceTree = "<group>";
		};
		B1234567890ABCDEFF6 = {
			isa = PBXGroup;
			children = (
				173491F32E5B525E00B7727A /* AppIcon.icns */,
				B1234567890ABCDEF004 /* Assets.xcassets */,
				B1234567890ABCDEF015 /* SimFiles.entitlements */,
				173491F52E5B529800B7727A /* Info.plist */,
				B1234567890ABCDEF000 /* App.swift */,
				B1234567890ABCDEF002 /* ContentView.swift */,
				173491EA2E5B30E400B7727A /* FileGridView.swift */,
				173491E82E5B30D900B7727A /* FileItemView.swift */,
				B1234567890ABCDEF009 /* SimulatorManager.swift */,
				173491EC2E5B30F400B7727A /* SimulatorRow.swift */,
				B1234567890ABCDEF011 /* FileManager.swift */,
				B1234567890ABCDEF013 /* SystemRequirements.swift */,
				B1234567890ABCDEF00 /* Products */,
			);
			sourceTree = "<group>";
		};
/* End PBXGroup section */

/* Begin PBXNativeTarget section */
		B1234567890ABCDEFE /* SimFiles */ = {
			isa = PBXNativeTarget;
			buildConfigurationList = B1234567890ABCDEF0B /* Build configuration list for PBXNativeTarget "SimFiles" */;
			buildPhases = (
				B1234567890ABCDEFFB /* Sources */,
				B1234567890ABCDEFFC /* Frameworks */,
				B1234567890ABCDEFFD /* Resources */,
				173491F22E5B435800B7727A /* Embed Frameworks */,
			);
			buildRules = (
			);
			name = SimFiles;
			productName = SimFiles;
			productReference = B1234567890ABCDEFFFF /* SimFiles.app */;
			productType = "com.apple.product-type.application";
		};
/* End PBXNativeTarget section */

/* Begin PBXProject section */
		B1234567890ABCDEFF7 /* Project object */ = {
			isa = PBXProject;
			attributes = {
				BuildIndependentTargetsInParallel = 1;
				LastSwiftUpdateCheck = 1500;
				LastUpgradeCheck = 2620;
				ORGANIZATIONNAME = RanduSoft;
				TargetAttributes = {
					B1234567890ABCDEFE = {
						CreatedOnToolsVersion = 15.0;
					};
				};
			};
			buildConfigurationList = B1234567890ABCDEFF8 /* Build configuration list for PBXProject "SimFiles" */;
			developmentRegion = en;
			hasScannedForEncodings = 0;
			knownRegions = (
				en,
			);
			mainGroup = B1234567890ABCDEFF6;
			packageReferences = (
				173491EE2E5B435100B7727A /* XCRemoteSwiftPackageReference "swiftui-introspect" */,
				173491F62E5B546200B7727A /* XCRemoteSwiftPackageReference "FileMonitor" */,
			);
			preferredProjectObjectVersion = 90;
			productRefGroup = B1234567890ABCDEF00 /* Products */;
			projectDirPath = "";
			projectRoot = "";
			targets = (
				B1234567890ABCDEFE /* SimFiles */,
			);
		};
/* End PBXProject section */

/* Begin PBXResourcesBuildPhase section */
		B1234567890ABCDEFFD /* Resources */ = {
			isa = PBXResourcesBuildPhase;
			files = (
				B1234567890ABCDEF005 /* Assets.xcassets in Resources */,
				173491F42E5B525E00B7727A /* AppIcon.icns in Resources */,
			);
		};
/* End PBXResourcesBuildPhase section */

/* Begin PBXSourcesBuildPhase section */
		B1234567890ABCDEFFB /* Sources */ = {
			isa = PBXSourcesBuildPhase;
			files = (
				B1234567890ABCDEF003 /* ContentView.swift in Sources */,
				173491EB2E5B30E400B7727A /* FileGridView.swift in Sources */,
				B1234567890ABCDEF010 /* SimulatorManager.swift in Sources */,
				B1234567890ABCDEF012 /* FileManager.swift in Sources */,
				173491E92E5B30D900B7727A /* FileItemView.swift in Sources */,
				173491ED2E5B30F400B7727A /* SimulatorRow.swift in Sources */,
				B1234567890ABCDEF014 /* SystemRequirements.swift in Sources */,
				B1234567890ABCDEF001 /* App.swift in Sources */,
			);
		};
/* End PBXSourcesBuildPhase section */

/* Begin XCBuildConfiguration section */
		B1234567890ABCDEF09 /* Debug configuration for PBXProject "SimFiles" */ = {
			isa = XCBuildConfiguration;
			buildSettings = {
				ALWAYS_SEARCH_USER_PATHS = NO;
				ASSETCATALOG_COMPILER_GENERATE_SWIFT_ASSET_SYMBOL_EXTENSIONS = YES;
				CLANG_ANALYZER_NONNULL = YES;
				CLANG_ANALYZER_NUMBER_OBJECT_CONVERSION = YES_AGGRESSIVE;
				CLANG_CXX_LANGUAGE_STANDARD = "gnu++20";
				CLANG_ENABLE_MODULES = YES;
				CLANG_ENABLE_OBJC_ARC = YES;
				CLANG_ENABLE_OBJC_WEAK = YES;
				CLANG_WARN_BLOCK_CAPTURE_AUTORELEASING = YES;
				CLANG_WARN_BOOL_CONVERSION = YES;
				CLANG_WARN_COMMA = YES;
				CLANG_WARN_CONSTANT_CONVERSION = YES;
				CLANG_WARN_DEPRECATED_OBJC_IMPLEMENTATIONS = YES;
				CLANG_WARN_DIRECT_OBJC_ISA_USAGE = YES_ERROR;
				CLANG_WARN_DOCUMENTATION_COMMENTS = YES;
				CLANG_WARN_EMPTY_BODY = YES;
				CLANG_WARN_ENUM_CONVERSION = YES;
				CLANG_WARN_INFINITE_RECURSION = YES;
				CLANG_WARN_INT_CONVERSION = YES;
				CLANG_WARN_NON_LITERAL_NULL_CONVERSION = YES;
				CLANG_WARN_OBJC_IMPLICIT_RETAIN_SELF = YES;
				CLANG_WARN_OBJC_LITERAL_CONVERSION = YES;
				CLANG_WARN_OBJC_ROOT_CLASS = YES_ERROR;
				CLANG_WARN_QUOTED_INCLUDE_IN_FRAMEWORK_HEADER = YES;
				CLANG_WARN_RANGE_LOOP_ANALYSIS = YES;
				CLANG_WARN_STRICT_PROTOTYPES = YES;
				CLANG_WARN_SUSPICIOUS_MOVE = YES;
				CLANG_WARN_UNGUARDED_AVAILABILITY = YES_AGGRESSIVE;
				CLANG_WARN_UNREACHABLE_CODE = YES;
				CLANG_WARN__DUPLICATE_METHOD_MATCH = YES;
				COPY_PHASE_STRIP = NO;
				DEAD_CODE_STRIPPING = YES;
				DEBUG_INFORMATION_FORMAT = dwarf;
				DEVELOPMENT_TEAM = 3999533L99;
				ENABLE_STRICT_OBJC_MSGSEND = YES;
				ENABLE_TESTABILITY = YES;
				ENABLE_USER_SCRIPT_SANDBOXING = YES;
				GCC_C_LANGUAGE_STANDARD = gnu17;
				GCC_DYNAMIC_NO_PIC = NO;
				GCC_NO_COMMON_BLOCKS = YES;
				GCC_OPTIMIZATION_LEVEL = 0;
				GCC_PREPROCESSOR_DEFINITIONS = (
					"DEBUG=1",
					"$(inherited)",
				);
				GCC_WARN_64_TO_32_BIT_CONVERSION = YES;
				GCC_WARN_ABOUT_RETURN_TYPE = YES_ERROR;
				GCC_WARN_UNDECLARED_SELECTOR = YES;
				GCC_WARN_UNINITIALIZED_AUTOS = YES_AGGRESSIVE;
				GCC_WARN_UNUSED_FUNCTION = YES;
				GCC_WARN_UNUSED_VARIABLE = YES;
				LOCALIZATION_PREFERS_STRING_CATALOGS = YES;
				MACOSX_DEPLOYMENT_TARGET = 14.0;
				MTL_ENABLE_DEBUG_INFO = INCLUDE_SOURCE;
				MTL_FAST_MATH = YES;
				ONLY_ACTIVE_ARCH = YES;
				SDKROOT = macosx;
				STRING_CATALOG_GENERATE_SYMBOLS = YES;
				SWIFT_ACTIVE_COMPILATION_CONDITIONS = "DEBUG $(inherited)";
				SWIFT_OPTIMIZATION_LEVEL = "-Onone";
			};
			name = Debug;
		};
		B1234567890ABCDEF0A /* Release configuration for PBXProject "SimFiles" */ = {
			isa = XCBuildConfiguration;
			buildSettings = {
				ALWAYS_SEARCH_USER_PATHS = NO;
				ASSETCATALOG_COMPILER_GENERATE_SWIFT_ASSET_SYMBOL_EXTENSIONS = YES;
				CLANG_ANALYZER_NONNULL = YES;
				CLANG_ANALYZER_NUMBER_OBJECT_CONVERSION = YES_AGGRESSIVE;
				CLANG_CXX_LANGUAGE_STANDARD = "gnu++20";
				CLANG_ENABLE_MODULES = YES;
				CLANG_ENABLE_OBJC_ARC = YES;
				CLANG_ENABLE_OBJC_WEAK = YES;
				CLANG_WARN_BLOCK_CAPTURE_AUTORELEASING = YES;
				CLANG_WARN_BOOL_CONVERSION = YES;
				CLANG_WARN_COMMA = YES;
				CLANG_WARN_CONSTANT_CONVERSION = YES;
				CLANG_WARN_DEPRECATED_OBJC_IMPLEMENTATIONS = YES;
				CLANG_WARN_DIRECT_OBJC_ISA_USAGE = YES_ERROR;
				CLANG_WARN_DOCUMENTATION_COMMENTS = YES;
				CLANG_WARN_EMPTY_BODY = YES;
				CLANG_WARN_ENUM_CONVERSION = YES;
				CLANG_WARN_INFINITE_RECURSION = YES;
				CLANG_WARN_INT_CONVERSION = YES;
				CLANG_WARN_NON_LITERAL_NULL_CONVERSION = YES;
				CLANG_WARN_OBJC_IMPLICIT_RETAIN_SELF = YES;
				CLANG_WARN_OBJC_LITERAL_CONVERSION = YES;
				CLANG_WARN_OBJC_ROOT_CLASS = YES_ERROR;
				CLANG_WARN_QUOTED_INCLUDE_IN_FRAMEWORK_HEADER = YES;
				CLANG_WARN_RANGE_LOOP_ANALYSIS = YES;
				CLANG_WARN_STRICT_PROTOTYPES = YES;
				CLANG_WARN_SUSPICIOUS_MOVE = YES;
				CLANG_WARN_UNGUARDED_AVAILABILITY = YES_AGGRESSIVE;
				CLANG_WARN_UNREACHABLE_CODE = YES;
				CLANG_WARN__DUPLICATE_METHOD_MATCH = YES;
				COPY_PHASE_STRIP = NO;
				DEAD_CODE_STRIPPING = YES;
				DEBUG_INFORMATION_FORMAT = "dwarf-with-dsym";
				DEVELOPMENT_TEAM = 3999533L99;
				ENABLE_NS_ASSERTIONS = NO;
				ENABLE_STRICT_OBJC_MSGSEND = YES;
				ENABLE_USER_SCRIPT_SANDBOXING = YES;
				GCC_C_LANGUAGE_STANDARD = gnu17;
				GCC_NO_COMMON_BLOCKS = YES;
				GCC_WARN_64_TO_32_BIT_CONVERSION = YES;
				GCC_WARN_ABOUT_RETURN_TYPE = YES_ERROR;
				GCC_WARN_UNDECLARED_SELECTOR = YES;
				GCC_WARN_UNINITIALIZED_AUTOS = YES_AGGRESSIVE;
				GCC_WARN_UNUSED_FUNCTION = YES;
				GCC_WARN_UNUSED_VARIABLE = YES;
				LOCALIZATION_PREFERS_STRING_CATALOGS = YES;
				MACOSX_DEPLOYMENT_TARGET = 14.0;
				MTL_ENABLE_DEBUG_INFO = NO;
				MTL_FAST_MATH = YES;
				SDKROOT = macosx;
				STRING_CATALOG_GENERATE_SYMBOLS = YES;
				SWIFT_COMPILATION_MODE = wholemodule;
			};
			name = Release;
		};
		B1234567890ABCDEF0C /* Debug configuration for PBXNativeTarget "SimFiles" */ = {
			isa = XCBuildConfiguration;
			buildSettings = {
				ASSETCATALOG_COMPILER_GLOBAL_ACCENT_COLOR_NAME = AccentColor;
				ASSETCATALOG_COMPILER_INCLUDE_ALL_APPICON_ASSETS = NO;
				CODE_SIGN_ENTITLEMENTS = SimFiles.entitlements;
				CODE_SIGN_IDENTITY = "Apple Development";
				CODE_SIGN_STYLE = Automatic;
				COMBINE_HIDPI_IMAGES = YES;
				CURRENT_PROJECT_VERSION = 1;
				DEAD_CODE_STRIPPING = YES;
				ENABLE_APP_SANDBOX = NO;
				ENABLE_HARDENED_RUNTIME = YES;
				ENABLE_PREVIEWS = YES;
				GENERATE_INFOPLIST_FILE = YES;
				INFOPLIST_FILE = Info.plist;
				INFOPLIST_KEY_CFBundleDisplayName = SimFiles;
				INFOPLIST_KEY_LSApplicationCategoryType = "public.app-category.developer-tools";
				INFOPLIST_KEY_NSHumanReadableCopyright = "Copyright (C) RanduSoft";
				LD_RUNPATH_SEARCH_PATHS = (
					"$(inherited)",
					"@executable_path/../Frameworks",
				);
				MARKETING_VERSION = 1.1.0;
				PRODUCT_BUNDLE_IDENTIFIER = ro.randusoft.SimFiles;
				PRODUCT_NAME = "$(TARGET_NAME)";
				PROVISIONING_PROFILE_SPECIFIER = "";
				SWIFT_EMIT_LOC_STRINGS = YES;
				SWIFT_VERSION = 5.0;
			};
			name = Debug;
		};
		B1234567890ABCDEF0D /* Release configuration for PBXNativeTarget "SimFiles" */ = {
			isa = XCBuildConfiguration;
			buildSettings = {
				ASSETCATALOG_COMPILER_GLOBAL_ACCENT_COLOR_NAME = AccentColor;
				ASSETCATALOG_COMPILER_INCLUDE_ALL_APPICON_ASSETS = NO;
				CODE_SIGN_ENTITLEMENTS = SimFiles.entitlements;
				CODE_SIGN_IDENTITY = "Apple Development";
				CODE_SIGN_STYLE = Automatic;
				COMBINE_HIDPI_IMAGES = YES;
				CURRENT_PROJECT_VERSION = 1;
				DEAD_CODE_STRIPPING = YES;
				ENABLE_APP_SANDBOX = NO;
				ENABLE_HARDENED_RUNTIME = YES;
				ENABLE_PREVIEWS = YES;
				GENERATE_INFOPLIST_FILE = YES;
				INFOPLIST_FILE = Info.plist;
				INFOPLIST_KEY_CFBundleDisplayName = SimFiles;
				INFOPLIST_KEY_LSApplicationCategoryType = "public.app-category.developer-tools";
				INFOPLIST_KEY_NSHumanReadableCopyright = "Copyright (C) RanduSoft";
				LD_RUNPATH_SEARCH_PATHS = (
					"$(inherited)",
					"@executable_path/../Frameworks",
				);
				MARKETING_VERSION = 1.1.0;
				PRODUCT_BUNDLE_IDENTIFIER = ro.randusoft.SimFiles;
				PRODUCT_NAME = "$(TARGET_NAME)";
				PROVISIONING_PROFILE_SPECIFIER = "";
				SWIFT_EMIT_LOC_STRINGS = YES;
				SWIFT_VERSION = 5.0;
			};
			name = Release;
		};
/* End XCBuildConfiguration section */

/* Begin XCConfigurationList section */
		B1234567890ABCDEF0B /* Build configuration list for PBXNativeTarget "SimFiles" */ = {
			isa = XCConfigurationList;
			buildConfigurations = (
				B1234567890ABCDEF0C /* Debug configuration for PBXNativeTarget "SimFiles" */,
				B1234567890ABCDEF0D /* Release configuration for PBXNativeTarget "SimFiles" */,
			);
			defaultConfigurationName = Release;
		};
		B1234567890ABCDEFF8 /* Build configuration list for PBXProject "SimFiles" */ = {
			isa = XCConfigurationList;
			buildConfigurations = (
				B1234567890ABCDEF09 /* Debug configuration for PBXProject "SimFiles" */,
				B1234567890ABCDEF0A /* Release configuration for PBXProject "SimFiles" */,
			);
			defaultConfigurationName = Release;
		};
/* End XCConfigurationList section */

/* Begin XCRemoteSwiftPackageReference section */
		173491EE2E5B435100B7727A /* XCRemoteSwiftPackageReference "swiftui-introspect" */ = {
			isa = XCRemoteSwiftPackageReference;
			repositoryURL = "https://github.com/siteline/swiftui-introspect";
			requirement = {
				kind = upToNextMajorVersion;
				minimumVersion = 26.0.0;
			};
		};
		173491F62E5B546200B7727A /* XCRemoteSwiftPackageReference "FileMonitor" */ = {
			isa = XCRemoteSwiftPackageReference;
			repositoryURL = "https://github.com/aus-der-Technik/FileMonitor";
			requirement = {
				kind = upToNextMajorVersion;
				minimumVersion = 1.2.1;
			};
		};
/* End XCRemoteSwiftPackageReference section */

/* Begin XCSwiftPackageProductDependency section */
		173491EF2E5B435100B7727A /* SwiftUIIntrospect-Dynamic */ = {
			isa = XCSwiftPackageProductDependency;
			package = 173491EE2E5B435100B7727A /* XCRemoteSwiftPackageReference "swiftui-introspect" */;
			productName = "SwiftUIIntrospect-Dynamic";
		};
		173491F72E5B546200B7727A /* FileMonitor */ = {
			isa = XCSwiftPackageProductDependency;
			package = 173491F62E5B546200B7727A /* XCRemoteSwiftPackageReference "FileMonitor" */;
			productName = FileMonitor;
		};
/* End XCSwiftPackageProductDependency section */
	};
	rootObject = B1234567890ABCDEFF7 /* Project object */;
}
