{
  "originHash" : "94d66f1ba3a17e96117152cd45c82fdf3b11406c55e51a76684da4f87df0f9a8",
  "pins" : [
    {
      "identity" : "filemonitor",
      "kind" : "remoteSourceControl",
      "location" : "https://github.com/aus-der-Technik/FileMonitor",
      "state" : {
        "revision" : "5adbe8f2383eac5148475ef84977806bbd33e8d7",
        "version" : "1.2.1"
      }
    }
  ],
  "version" : 3
}
